
Microsoft Visual Studio Solution File, Format Version 12.00
# Visual Studio Version 17
VisualStudioVersion = 17.2.32516.85
MinimumVisualStudioVersion = 10.0.40219.1
Project("{FAE04EC0-301F-11D3-BF4B-00C04F79EFBC}") = "Azure-Function-With-MySQL", "Azure-Function-With-MySQL\Azure-Function-With-MySQL.csproj", "{F51B2D99-C792-44BB-8ADD-12080EB36FF6}"
EndProject
Global
	GlobalSection(SolutionConfigurationPlatforms) = preSolution
		Debug|Any CPU = Debug|Any CPU
		Release|Any CPU = Release|Any CPU
	EndGlobalSection
	GlobalSection(ProjectConfigurationPlatforms) = postSolution
		{F51B2D99-C792-44BB-8ADD-12080EB36FF6}.Debug|Any CPU.ActiveCfg = Debug|Any CPU
		{F51B2D99-C792-44BB-8ADD-12080EB36FF6}.Debug|Any CPU.Build.0 = Debug|Any CPU
		{F51B2D99-C792-44BB-8ADD-12080EB36FF6}.Release|Any CPU.ActiveCfg = Release|Any CPU
		{F51B2D99-C792-44BB-8ADD-12080EB36FF6}.Release|Any CPU.Build.0 = Release|Any CPU
	EndGlobalSection
	GlobalSection(SolutionProperties) = preSolution
		HideSolutionNode = FALSE
	EndGlobalSection
	GlobalSection(ExtensibilityGlobals) = postSolution
		SolutionGuid = {3459D4EA-F424-4599-8E82-E4B742AC68E7}
	EndGlobalSection
EndGlobal
